// !$*UTF8*$!
{
	archiveVersion = 1;
	classes = {
	};
	objectVersion = 55;
	objects = {

/* Begin PBXBuildFile section */
		0396435428E8476900D2B514 /* AppDelegate.swift in Sources */ = {isa = PBXBuildFile; fileRef = 0396435328E8476900D2B514 /* AppDelegate.swift */; };
		0396435628E8476900D2B514 /* SceneDelegate.swift in Sources */ = {isa = PBXBuildFile; fileRef = 0396435528E8476900D2B514 /* SceneDelegate.swift */; };
		0396435828E8476900D2B514 /* ViewController.swift in Sources */ = {isa = PBXBuildFile; fileRef = 0396435728E8476900D2B514 /* ViewController.swift */; };
		0396435B28E8476900D2B514 /* Main.storyboard in Resources */ = {isa = PBXBuildFile; fileRef = 0396435928E8476900D2B514 /* Main.storyboard */; };
		0396435D28E8476B00D2B514 /* Assets.xcassets in Resources */ = {isa = PBXBuildFile; fileRef = 0396435C28E8476B00D2B514 /* Assets.xcassets */; };
		0396436028E8476B00D2B514 /* LaunchScreen.storyboard in Resources */ = {isa = PBXBuildFile; fileRef = 0396435E28E8476B00D2B514 /* LaunchScreen.storyboard */; };
		03DDE05B28EAA93900F3361D /* GoogleService-Info.plist in Resources */ = {isa = PBXBuildFile; fileRef = 03DDE05A28EAA93900F3361D /* GoogleService-Info.plist */; };
		03DDE06328EAAA7E00F3361D /* MessangerViewController.swift in Sources */ = {isa = PBXBuildFile; fileRef = 03DDE06228EAAA7E00F3361D /* MessangerViewController.swift */; };
		03DDE07128EAAC1700F3361D /* RegisterViewController.swift in Sources */ = {isa = PBXBuildFile; fileRef = 03DDE07028EAAC1700F3361D /* RegisterViewController.swift */; };
		03DDE07328EAAC9D00F3361D /* LoginViewController.swift in Sources */ = {isa = PBXBuildFile; fileRef = 03DDE07228EAAC9D00F3361D /* LoginViewController.swift */; };
		03DDE07528EAAE1700F3361D /* Constansts.swift in Sources */ = {isa = PBXBuildFile; fileRef = 03DDE07428EAAE1700F3361D /* Constansts.swift */; };
		03DDE07928EAC0D500F3361D /* MesssageTableViewCell.swift in Sources */ = {isa = PBXBuildFile; fileRef = 03DDE07728EAC0D500F3361D /* MesssageTableViewCell.swift */; };
		03DDE07A28EAC0D500F3361D /* MesssageTableViewCell.xib in Resources */ = {isa = PBXBuildFile; fileRef = 03DDE07828EAC0D500F3361D /* MesssageTableViewCell.xib */; };
		042BF42B1F421C20AA3F73B0 /* Pods_JoshChat.framework in Frameworks */ = {isa = PBXBuildFile; fileRef = 928C1013A697D7CCB3A0E5F5 /* Pods_JoshChat.framework */; };
/* End PBXBuildFile section */

/* Begin PBXFileReference section */
		0396435028E8476900D2B514 /* JoshChat.app */ = {isa = PBXFileReference; explicitFileType = wrapper.application; includeInIndex = 0; path = JoshChat.app; sourceTree = BUILT_PRODUCTS_DIR; };
		0396435328E8476900D2B514 /* AppDelegate.swift */ = {isa = PBXFileReference; lastKnownFileType = sourcecode.swift; path = AppDelegate.swift; sourceTree = "<group>"; };
		0396435528E8476900D2B514 /* SceneDelegate.swift */ = {isa = PBXFileReference; lastKnownFileType = sourcecode.swift; path = SceneDelegate.swift; sourceTree = "<group>"; };
		0396435728E8476900D2B514 /* ViewController.swift */ = {isa = PBXFileReference; lastKnownFileType = sourcecode.swift; path = ViewController.swift; sourceTree = "<group>"; };
		0396435A28E8476900D2B514 /* Base */ = {isa = PBXFileReference; lastKnownFileType = file.storyboard; name = Base; path = Base.lproj/Main.storyboard; sourceTree = "<group>"; };
		0396435C28E8476B00D2B514 /* Assets.xcassets */ = {isa = PBXFileReference; lastKnownFileType = folder.assetcatalog; path = Assets.xcassets; sourceTree = "<group>"; };
		0396435F28E8476B00D2B514 /* Base */ = {isa = PBXFileReference; lastKnownFileType = file.storyboard; name = Base; path = Base.lproj/LaunchScreen.storyboard; sourceTree = "<group>"; };
		0396436128E8476B00D2B514 /* Info.plist */ = {isa = PBXFileReference; lastKnownFileType = text.plist.xml; path = Info.plist; sourceTree = "<group>"; };
		03DDE05A28EAA93900F3361D /* GoogleService-Info.plist */ = {isa = PBXFileReference; fileEncoding = 4; lastKnownFileType = text.plist.xml; path = "GoogleService-Info.plist"; sourceTree = "<group>"; };
		03DDE06228EAAA7E00F3361D /* MessangerViewController.swift */ = {isa = PBXFileReference; lastKnownFileType = sourcecode.swift; path = MessangerViewController.swift; sourceTree = "<group>"; };
		03DDE07028EAAC1700F3361D /* RegisterViewController.swift */ = {isa = PBXFileReference; lastKnownFileType = sourcecode.swift; path = RegisterViewController.swift; sourceTree = "<group>"; };
		03DDE07228EAAC9D00F3361D /* LoginViewController.swift */ = {isa = PBXFileReference; lastKnownFileType = sourcecode.swift; path = LoginViewController.swift; sourceTree = "<group>"; };
		03DDE07428EAAE1700F3361D /* Constansts.swift */ = {isa = PBXFileReference; lastKnownFileType = sourcecode.swift; path = Constansts.swift; sourceTree = "<group>"; };
		03DDE07728EAC0D500F3361D /* MesssageTableViewCell.swift */ = {isa = PBXFileReference; lastKnownFileType = sourcecode.swift; path = MesssageTableViewCell.swift; sourceTree = "<group>"; };
		03DDE07828EAC0D500F3361D /* MesssageTableViewCell.xib */ = {isa = PBXFileReference; lastKnownFileType = file.xib; path = MesssageTableViewCell.xib; sourceTree = "<group>"; };
		928C1013A697D7CCB3A0E5F5 /* Pods_JoshChat.framework */ = {isa = PBXFileReference; explicitFileType = wrapper.framework; includeInIndex = 0; path = Pods_JoshChat.framework; sourceTree = BUILT_PRODUCTS_DIR; };
		C4BCC128CA52B1737D38623F /* Pods-JoshChat.release.xcconfig */ = {isa = PBXFileReference; includeInIndex = 1; lastKnownFileType = text.xcconfig; name = "Pods-JoshChat.release.xcconfig"; path = "Target Support Files/Pods-JoshChat/Pods-JoshChat.release.xcconfig"; sourceTree = "<group>"; };
		D2464C6556D02AB21D774B25 /* Pods-JoshChat.debug.xcconfig */ = {isa = PBXFileReference; includeInIndex = 1; lastKnownFileType = text.xcconfig; name = "Pods-JoshChat.debug.xcconfig"; path = "Target Support Files/Pods-JoshChat/Pods-JoshChat.debug.xcconfig"; sourceTree = "<group>"; };
/* End PBXFileReference section */

/* Begin PBXFrameworksBuildPhase section */
		0396434D28E8476900D2B514 /* Frameworks */ = {
			isa = PBXFrameworksBuildPhase;
			buildActionMask = 2147483647;
			files = (
				042BF42B1F421C20AA3F73B0 /* Pods_JoshChat.framework in Frameworks */,
			);
			runOnlyForDeploymentPostprocessing = 0;
		};
/* End PBXFrameworksBuildPhase section */

/* Begin PBXGroup section */
		0396434728E8476900D2B514 = {
			isa = PBXGroup;
			children = (
				0396435228E8476900D2B514 /* JoshChat */,
				0396435128E8476900D2B514 /* Products */,
				7FD3E25E8FE982E59D230D62 /* Pods */,
				A34B3E587E8303A1A5D8D6AF /* Frameworks */,
			);
			sourceTree = "<group>";
		};
		0396435128E8476900D2B514 /* Products */ = {
			isa = PBXGroup;
			children = (
				0396435028E8476900D2B514 /* JoshChat.app */,
			);
			name = Products;
			sourceTree = "<group>";
		};
		0396435228E8476900D2B514 /* JoshChat */ = {
			isa = PBXGroup;
			children = (
				03DDE06128EAAA2500F3361D /* Other */,
				03DDE06028EAAA1800F3361D /* Resourse */,
				03DDE05F28EAAA0000F3361D /* IntialVC */,
				03DDE05E28EAA9AF00F3361D /* MessangerVC */,
				03DDE05D28EAA97B00F3361D /* LoginVC */,
				03DDE05C28EAA96C00F3361D /* RegistrationVC */,
				0396435328E8476900D2B514 /* AppDelegate.swift */,
				0396435528E8476900D2B514 /* SceneDelegate.swift */,
				03DDE05A28EAA93900F3361D /* GoogleService-Info.plist */,
				0396435928E8476900D2B514 /* Main.storyboard */,
				0396435C28E8476B00D2B514 /* Assets.xcassets */,
				0396435E28E8476B00D2B514 /* LaunchScreen.storyboard */,
				0396436128E8476B00D2B514 /* Info.plist */,
			);
			path = JoshChat;
			sourceTree = "<group>";
		};
		03DDE05C28EAA96C00F3361D /* RegistrationVC */ = {
			isa = PBXGroup;
			children = (
				03DDE06F28EAAB8E00F3361D /* View */,
				03DDE06E28EAAB8300F3361D /* ViewModel */,
				03DDE06D28EAAB7900F3361D /* Model */,
			);
			path = RegistrationVC;
			sourceTree = "<group>";
		};
		03DDE05D28EAA97B00F3361D /* LoginVC */ = {
			isa = PBXGroup;
			children = (
				03DDE06C28EAAB3D00F3361D /* ViewModel */,
				03DDE06B28EAAB3500F3361D /* View */,
				03DDE06A28EAAB2E00F3361D /* Model */,
			);
			path = LoginVC;
			sourceTree = "<group>";
		};
		03DDE05E28EAA9AF00F3361D /* MessangerVC */ = {
			isa = PBXGroup;
			children = (
				03DDE06928EAAB1B00F3361D /* View */,
				03DDE06828EAAB0F00F3361D /* ViewModel */,
				03DDE06728EAAB0700F3361D /* Model */,
			);
			path = MessangerVC;
			sourceTree = "<group>";
		};
		03DDE05F28EAAA0000F3361D /* IntialVC */ = {
			isa = PBXGroup;
			children = (
				03DDE06628EAAABF00F3361D /* View */,
				03DDE06428EAAA9D00F3361D /* Model */,
				03DDE06528EAAAA800F3361D /* ViewModel */,
			);
			path = IntialVC;
			sourceTree = "<group>";
		};
		03DDE06028EAAA1800F3361D /* Resourse */ = {
			isa = PBXGroup;
			children = (
				03DDE07428EAAE1700F3361D /* Constansts.swift */,
			);
			path = Resourse;
			sourceTree = "<group>";
		};
		03DDE06128EAAA2500F3361D /* Other */ = {
			isa = PBXGroup;
			children = (
			);
			path = Other;
			sourceTree = "<group>";
		};
		03DDE06428EAAA9D00F3361D /* Model */ = {
			isa = PBXGroup;
			children = (
			);
			path = Model;
			sourceTree = "<group>";
		};
		03DDE06528EAAAA800F3361D /* ViewModel */ = {
			isa = PBXGroup;
			children = (
			);
			path = ViewModel;
			sourceTree = "<group>";
		};
		03DDE06628EAAABF00F3361D /* View */ = {
			isa = PBXGroup;
			children = (
				0396435728E8476900D2B514 /* ViewController.swift */,
			);
			path = View;
			sourceTree = "<group>";
		};
		03DDE06728EAAB0700F3361D /* Model */ = {
			isa = PBXGroup;
			children = (
			);
			path = Model;
			sourceTree = "<group>";
		};
		03DDE06828EAAB0F00F3361D /* ViewModel */ = {
			isa = PBXGroup;
			children = (
			);
			path = ViewModel;
			sourceTree = "<group>";
		};
		03DDE06928EAAB1B00F3361D /* View */ = {
			isa = PBXGroup;
			children = (
				03DDE07628EAC06700F3361D /* TableViewCell */,
				03DDE06228EAAA7E00F3361D /* MessangerViewController.swift */,
			);
			path = View;
			sourceTree = "<group>";
		};
		03DDE06A28EAAB2E00F3361D /* Model */ = {
			isa = PBXGroup;
			children = (
			);
			path = Model;
			sourceTree = "<group>";
		};
		03DDE06B28EAAB3500F3361D /* View */ = {
			isa = PBXGroup;
			children = (
				03DDE07228EAAC9D00F3361D /* LoginViewController.swift */,
			);
			path = View;
			sourceTree = "<group>";
		};
		03DDE06C28EAAB3D00F3361D /* ViewModel */ = {
			isa = PBXGroup;
			children = (
			);
			path = ViewModel;
			sourceTree = "<group>";
		};
		03DDE06D28EAAB7900F3361D /* Model */ = {
			isa = PBXGroup;
			children = (
			);
			path = Model;
			sourceTree = "<group>";
		};
		03DDE06E28EAAB8300F3361D /* ViewModel */ = {
			isa = PBXGroup;
			children = (
			);
			path = ViewModel;
			sourceTree = "<group>";
		};
		03DDE06F28EAAB8E00F3361D /* View */ = {
			isa = PBXGroup;
			children = (
				03DDE07028EAAC1700F3361D /* RegisterViewController.swift */,
			);
			path = View;
			sourceTree = "<group>";
		};
		03DDE07628EAC06700F3361D /* TableViewCell */ = {
			isa = PBXGroup;
			children = (
				03DDE07728EAC0D500F3361D /* MesssageTableViewCell.swift */,
				03DDE07828EAC0D500F3361D /* MesssageTableViewCell.xib */,
			);
			path = TableViewCell;
			sourceTree = "<group>";
		};
		7FD3E25E8FE982E59D230D62 /* Pods */ = {
			isa = PBXGroup;
			children = (
				D2464C6556D02AB21D774B25 /* Pods-JoshChat.debug.xcconfig */,
				C4BCC128CA52B1737D38623F /* Pods-JoshChat.release.xcconfig */,
			);
			path = Pods;
			sourceTree = "<group>";
		};
		A34B3E587E8303A1A5D8D6AF /* Frameworks */ = {
			isa = PBXGroup;
			children = (
				928C1013A697D7CCB3A0E5F5 /* Pods_JoshChat.framework */,
			);
			name = Frameworks;
			sourceTree = "<group>";
		};
/* End PBXGroup section */

/* Begin PBXNativeTarget section */
		0396434F28E8476900D2B514 /* JoshChat */ = {
			isa = PBXNativeTarget;
			buildConfigurationList = 0396436428E8476B00D2B514 /* Build configuration list for PBXNativeTarget "JoshChat" */;
			buildPhases = (
				0DAC7112520172B174503972 /* [CP] Check Pods Manifest.lock */,
				0396434C28E8476900D2B514 /* Sources */,
				0396434D28E8476900D2B514 /* Frameworks */,
				0396434E28E8476900D2B514 /* Resources */,
				69775A54BD3EF65B286DA9F1 /* [CP] Embed Pods Frameworks */,
			);
			buildRules = (
			);
			dependencies = (
			);
			name = JoshChat;
			productName = JoshChat;
			productReference = 0396435028E8476900D2B514 /* JoshChat.app */;
			productType = "com.apple.product-type.application";
		};
/* End PBXNativeTarget section */

/* Begin PBXProject section */
		0396434828E8476900D2B514 /* Project object */ = {
			isa = PBXProject;
			attributes = {
				BuildIndependentTargetsInParallel = 1;
				LastSwiftUpdateCheck = 1340;
				LastUpgradeCheck = 1340;
				TargetAttributes = {
					0396434F28E8476900D2B514 = {
						CreatedOnToolsVersion = 13.4.1;
					};
				};
			};
			buildConfigurationList = 0396434B28E8476900D2B514 /* Build configuration list for PBXProject "JoshChat" */;
			compatibilityVersion = "Xcode 13.0";
			developmentRegion = en;
			hasScannedForEncodings = 0;
			knownRegions = (
				en,
				Base,
			);
			mainGroup = 0396434728E8476900D2B514;
			productRefGroup = 0396435128E8476900D2B514 /* Products */;
			projectDirPath = "";
			projectRoot = "";
			targets = (
				0396434F28E8476900D2B514 /* JoshChat */,
			);
		};
/* End PBXProject section */

/* Begin PBXResourcesBuildPhase section */
		0396434E28E8476900D2B514 /* Resources */ = {
			isa = PBXResourcesBuildPhase;
			buildActionMask = 2147483647;
			files = (
				0396436028E8476B00D2B514 /* LaunchScreen.storyboard in Resources */,
				03DDE07A28EAC0D500F3361D /* MesssageTableViewCell.xib in Resources */,
				03DDE05B28EAA93900F3361D /* GoogleService-Info.plist in Resources */,
				0396435D28E8476B00D2B514 /* Assets.xcassets in Resources */,
				0396435B28E8476900D2B514 /* Main.storyboard in Resources */,
			);
			runOnlyForDeploymentPostprocessing = 0;
		};
/* End PBXResourcesBuildPhase section */

/* Begin PBXShellScriptBuildPhase section */
		0DAC7112520172B174503972 /* [CP] Check Pods Manifest.lock */ = {
			isa = PBXShellScriptBuildPhase;
			buildActionMask = 2147483647;
			files = (
			);
			inputFileListPaths = (
			);
			inputPaths = (
				"${PODS_PODFILE_DIR_PATH}/Podfile.lock",
				"${PODS_ROOT}/Manifest.lock",
			);
			name = "[CP] Check Pods Manifest.lock";
			outputFileListPaths = (
			);
			outputPaths = (
				"$(DERIVED_FILE_DIR)/Pods-JoshChat-checkManifestLockResult.txt",
			);
			runOnlyForDeploymentPostprocessing = 0;
			shellPath = /bin/sh;
			shellScript = "diff \"${PODS_PODFILE_DIR_PATH}/Podfile.lock\" \"${PODS_ROOT}/Manifest.lock\" > /dev/null\nif [ $? != 0 ] ; then\n    # print error to STDERR\n    echo \"error: The sandbox is not in sync with the Podfile.lock. Run 'pod install' or update your CocoaPods installation.\" >&2\n    exit 1\nfi\n# This output is used by Xcode 'outputs' to avoid re-running this script phase.\necho \"SUCCESS\" > \"${SCRIPT_OUTPUT_FILE_0}\"\n";
			showEnvVarsInLog = 0;
		};
		69775A54BD3EF65B286DA9F1 /* [CP] Embed Pods Frameworks */ = {
			isa = PBXShellScriptBuildPhase;
			buildActionMask = 2147483647;
			files = (
			);
			inputFileListPaths = (
				"${PODS_ROOT}/Target Support Files/Pods-JoshChat/Pods-JoshChat-frameworks-${CONFIGURATION}-input-files.xcfilelist",
			);
			name = "[CP] Embed Pods Frameworks";
			outputFileListPaths = (
				"${PODS_ROOT}/Target Support Files/Pods-JoshChat/Pods-JoshChat-frameworks-${CONFIGURATION}-output-files.xcfilelist",
			);
			runOnlyForDeploymentPostprocessing = 0;
			shellPath = /bin/sh;
			shellScript = "\"${PODS_ROOT}/Target Support Files/Pods-JoshChat/Pods-JoshChat-frameworks.sh\"\n";
			showEnvVarsInLog = 0;
		};
/* End PBXShellScriptBuildPhase section */

/* Begin PBXSourcesBuildPhase section */
		0396434C28E8476900D2B514 /* Sources */ = {
			isa = PBXSourcesBuildPhase;
			buildActionMask = 2147483647;
			files = (
				03DDE07528EAAE1700F3361D /* Constansts.swift in Sources */,
				03DDE07928EAC0D500F3361D /* MesssageTableViewCell.swift in Sources */,
				03DDE07328EAAC9D00F3361D /* LoginViewController.swift in Sources */,
				03DDE06328EAAA7E00F3361D /* MessangerViewController.swift in Sources */,
				03DDE07128EAAC1700F3361D /* RegisterViewController.swift in Sources */,
				0396435828E8476900D2B514 /* ViewController.swift in Sources */,
				0396435428E8476900D2B514 /* AppDelegate.swift in Sources */,
				0396435628E8476900D2B514 /* SceneDelegate.swift in Sources */,
			);
			runOnlyForDeploymentPostprocessing = 0;
		};
/* End PBXSourcesBuildPhase section */

/* Begin PBXVariantGroup section */
		0396435928E8476900D2B514 /* Main.storyboard */ = {
			isa = PBXVariantGroup;
			children = (
				0396435A28E8476900D2B514 /* Base */,
			);
			name = Main.storyboard;
			sourceTree = "<group>";
		};
		0396435E28E8476B00D2B514 /* LaunchScreen.storyboard */ = {
			isa = PBXVariantGroup;
			children = (
				0396435F28E8476B00D2B514 /* Base */,
			);
			name = LaunchScreen.storyboard;
			sourceTree = "<group>";
		};
/* End PBXVariantGroup section */

/* Begin XCBuildConfiguration section */
		0396436228E8476B00D2B514 /* Debug */ = {
			isa = XCBuildConfiguration;
			buildSettings = {
				ALWAYS_SEARCH_USER_PATHS = NO;
				CLANG_ANALYZER_NONNULL = YES;
				CLANG_ANALYZER_NUMBER_OBJECT_CONVERSION = YES_AGGRESSIVE;
				CLANG_CXX_LANGUAGE_STANDARD = "gnu++17";
				CLANG_ENABLE_MODULES = YES;
				CLANG_ENABLE_OBJC_ARC = YES;
				CLANG_ENABLE_OBJC_WEAK = YES;
				CLANG_WARN_BLOCK_CAPTURE_AUTORELEASING = YES;
				CLANG_WARN_BOOL_CONVERSION = YES;
				CLANG_WARN_COMMA = YES;
				CLANG_WARN_CONSTANT_CONVERSION = YES;
				CLANG_WARN_DEPRECATED_OBJC_IMPLEMENTATIONS = YES;
				CLANG_WARN_DIRECT_OBJC_ISA_USAGE = YES_ERROR;
				CLANG_WARN_DOCUMENTATION_COMMENTS = YES;
				CLANG_WARN_EMPTY_BODY = YES;
				CLANG_WARN_ENUM_CONVERSION = YES;
				CLANG_WARN_INFINITE_RECURSION = YES;
				CLANG_WARN_INT_CONVERSION = YES;
				CLANG_WARN_NON_LITERAL_NULL_CONVERSION = YES;
				CLANG_WARN_OBJC_IMPLICIT_RETAIN_SELF = YES;
				CLANG_WARN_OBJC_LITERAL_CONVERSION = YES;
				CLANG_WARN_OBJC_ROOT_CLASS = YES_ERROR;
				CLANG_WARN_QUOTED_INCLUDE_IN_FRAMEWORK_HEADER = YES;
				CLANG_WARN_RANGE_LOOP_ANALYSIS = YES;
				CLANG_WARN_STRICT_PROTOTYPES = YES;
				CLANG_WARN_SUSPICIOUS_MOVE = YES;
				CLANG_WARN_UNGUARDED_AVAILABILITY = YES_AGGRESSIVE;
				CLANG_WARN_UNREACHABLE_CODE = YES;
				CLANG_WARN__DUPLICATE_METHOD_MATCH = YES;
				COPY_PHASE_STRIP = NO;
				DEBUG_INFORMATION_FORMAT = dwarf;
				ENABLE_STRICT_OBJC_MSGSEND = YES;
				ENABLE_TESTABILITY = YES;
				GCC_C_LANGUAGE_STANDARD = gnu11;
				GCC_DYNAMIC_NO_PIC = NO;
				GCC_NO_COMMON_BLOCKS = YES;
				GCC_OPTIMIZATION_LEVEL = 0;
				GCC_PREPROCESSOR_DEFINITIONS = (
					"DEBUG=1",
					"$(inherited)",
				);
				GCC_WARN_64_TO_32_BIT_CONVERSION = YES;
				GCC_WARN_ABOUT_RETURN_TYPE = YES_ERROR;
				GCC_WARN_UNDECLARED_SELECTOR = YES;
				GCC_WARN_UNINITIALIZED_AUTOS = YES_AGGRESSIVE;
				GCC_WARN_UNUSED_FUNCTION = YES;
				GCC_WARN_UNUSED_VARIABLE = YES;
				IPHONEOS_DEPLOYMENT_TARGET = 15.5;
				MTL_ENABLE_DEBUG_INFO = INCLUDE_SOURCE;
				MTL_FAST_MATH = YES;
				ONLY_ACTIVE_ARCH = YES;
				SDKROOT = iphoneos;
				SWIFT_ACTIVE_COMPILATION_CONDITIONS = DEBUG;
				SWIFT_OPTIMIZATION_LEVEL = "-Onone";
			};
			name = Debug;
		};
		0396436328E8476B00D2B514 /* Release */ = {
			isa = XCBuildConfiguration;
			buildSettings = {
				ALWAYS_SEARCH_USER_PATHS = NO;
				CLANG_ANALYZER_NONNULL = YES;
				CLANG_ANALYZER_NUMBER_OBJECT_CONVERSION = YES_AGGRESSIVE;
				CLANG_CXX_LANGUAGE_STANDARD = "gnu++17";
				CLANG_ENABLE_MODULES = YES;
				CLANG_ENABLE_OBJC_ARC = YES;
				CLANG_ENABLE_OBJC_WEAK = YES;
				CLANG_WARN_BLOCK_CAPTURE_AUTORELEASING = YES;
				CLANG_WARN_BOOL_CONVERSION = YES;
				CLANG_WARN_COMMA = YES;
				CLANG_WARN_CONSTANT_CONVERSION = YES;
				CLANG_WARN_DEPRECATED_OBJC_IMPLEMENTATIONS = YES;
				CLANG_WARN_DIRECT_OBJC_ISA_USAGE = YES_ERROR;
				CLANG_WARN_DOCUMENTATION_COMMENTS = YES;
				CLANG_WARN_EMPTY_BODY = YES;
				CLANG_WARN_ENUM_CONVERSION = YES;
				CLANG_WARN_INFINITE_RECURSION = YES;
				CLANG_WARN_INT_CONVERSION = YES;
				CLANG_WARN_NON_LITERAL_NULL_CONVERSION = YES;
				CLANG_WARN_OBJC_IMPLICIT_RETAIN_SELF = YES;
				CLANG_WARN_OBJC_LITERAL_CONVERSION = YES;
				CLANG_WARN_OBJC_ROOT_CLASS = YES_ERROR;
				CLANG_WARN_QUOTED_INCLUDE_IN_FRAMEWORK_HEADER = YES;
				CLANG_WARN_RANGE_LOOP_ANALYSIS = YES;
				CLANG_WARN_STRICT_PROTOTYPES = YES;
				CLANG_WARN_SUSPICIOUS_MOVE = YES;
				CLANG_WARN_UNGUARDED_AVAILABILITY = YES_AGGRESSIVE;
				CLANG_WARN_UNREACHABLE_CODE = YES;
				CLANG_WARN__DUPLICATE_METHOD_MATCH = YES;
				COPY_PHASE_STRIP = NO;
				DEBUG_INFORMATION_FORMAT = "dwarf-with-dsym";
				ENABLE_NS_ASSERTIONS = NO;
				ENABLE_STRICT_OBJC_MSGSEND = YES;
				GCC_C_LANGUAGE_STANDARD = gnu11;
				GCC_NO_COMMON_BLOCKS = YES;
				GCC_WARN_64_TO_32_BIT_CONVERSION = YES;
				GCC_WARN_ABOUT_RETURN_TYPE = YES_ERROR;
				GCC_WARN_UNDECLARED_SELECTOR = YES;
				GCC_WARN_UNINITIALIZED_AUTOS = YES_AGGRESSIVE;
				GCC_WARN_UNUSED_FUNCTION = YES;
				GCC_WARN_UNUSED_VARIABLE = YES;
				IPHONEOS_DEPLOYMENT_TARGET = 15.5;
				MTL_ENABLE_DEBUG_INFO = NO;
				MTL_FAST_MATH = YES;
				SDKROOT = iphoneos;
				SWIFT_COMPILATION_MODE = wholemodule;
				SWIFT_OPTIMIZATION_LEVEL = "-O";
				VALIDATE_PRODUCT = YES;
			};
			name = Release;
		};
		0396436528E8476B00D2B514 /* Debug */ = {
			isa = XCBuildConfiguration;
			baseConfigurationReference = D2464C6556D02AB21D774B25 /* Pods-JoshChat.debug.xcconfig */;
			buildSettings = {
				ASSETCATALOG_COMPILER_APPICON_NAME = AppIcon;
				ASSETCATALOG_COMPILER_GLOBAL_ACCENT_COLOR_NAME = AccentColor;
				CODE_SIGN_STYLE = Automatic;
				CURRENT_PROJECT_VERSION = 1;
				GENERATE_INFOPLIST_FILE = YES;
				INFOPLIST_FILE = JoshChat/Info.plist;
				INFOPLIST_KEY_UIApplicationSupportsIndirectInputEvents = YES;
				INFOPLIST_KEY_UILaunchStoryboardName = LaunchScreen;
				INFOPLIST_KEY_UIMainStoryboardFile = Main;
				INFOPLIST_KEY_UISupportedInterfaceOrientations_iPad = "UIInterfaceOrientationPortrait UIInterfaceOrientationPortraitUpsideDown UIInterfaceOrientationLandscapeLeft UIInterfaceOrientationLandscapeRight";
				INFOPLIST_KEY_UISupportedInterfaceOrientations_iPhone = "UIInterfaceOrientationPortrait UIInterfaceOrientationLandscapeLeft UIInterfaceOrientationLandscapeRight";
				LD_RUNPATH_SEARCH_PATHS = (
					"$(inherited)",
					"@executable_path/Frameworks",
				);
				MARKETING_VERSION = 1.0;
				PRODUCT_BUNDLE_IDENTIFIER = com.sumitarvikat.JoshChat;
				PRODUCT_NAME = "$(TARGET_NAME)";
				SWIFT_EMIT_LOC_STRINGS = YES;
				SWIFT_VERSION = 5.0;
				TARGETED_DEVICE_FAMILY = "1,2";
			};
			name = Debug;
		};
		0396436628E8476B00D2B514 /* Release */ = {
			isa = XCBuildConfiguration;
			baseConfigurationReference = C4BCC128CA52B1737D38623F /* Pods-JoshChat.release.xcconfig */;
			buildSettings = {
				ASSETCATALOG_COMPILER_APPICON_NAME = AppIcon;
				ASSETCATALOG_COMPILER_GLOBAL_ACCENT_COLOR_NAME = AccentColor;
				CODE_SIGN_STYLE = Automatic;
				CURRENT_PROJECT_VERSION = 1;
				GENERATE_INFOPLIST_FILE = YES;
				INFOPLIST_FILE = JoshChat/Info.plist;
				INFOPLIST_KEY_UIApplicationSupportsIndirectInputEvents = YES;
				INFOPLIST_KEY_UILaunchStoryboardName = LaunchScreen;
				INFOPLIST_KEY_UIMainStoryboardFile = Main;
				INFOPLIST_KEY_UISupportedInterfaceOrientations_iPad = "UIInterfaceOrientationPortrait UIInterfaceOrientationPortraitUpsideDown UIInterfaceOrientationLandscapeLeft UIInterfaceOrientationLandscapeRight";
				INFOPLIST_KEY_UISupportedInterfaceOrientations_iPhone = "UIInterfaceOrientationPortrait UIInterfaceOrientationLandscapeLeft UIInterfaceOrientationLandscapeRight";
				LD_RUNPATH_SEARCH_PATHS = (
					"$(inherited)",
					"@executable_path/Frameworks",
				);
				MARKETING_VERSION = 1.0;
				PRODUCT_BUNDLE_IDENTIFIER = com.sumitarvikat.JoshChat;
				PRODUCT_NAME = "$(TARGET_NAME)";
				SWIFT_EMIT_LOC_STRINGS = YES;
				SWIFT_VERSION = 5.0;
				TARGETED_DEVICE_FAMILY = "1,2";
			};
			name = Release;
		};
/* End XCBuildConfiguration section */

/* Begin XCConfigurationList section */
		0396434B28E8476900D2B514 /* Build configuration list for PBXProject "JoshChat" */ = {
			isa = XCConfigurationList;
			buildConfigurations = (
				0396436228E8476B00D2B514 /* Debug */,
				0396436328E8476B00D2B514 /* Release */,
			);
			defaultConfigurationIsVisible = 0;
			defaultConfigurationName = Release;
		};
		0396436428E8476B00D2B514 /* Build configuration list for PBXNativeTarget "JoshChat" */ = {
			isa = XCConfigurationList;
			buildConfigurations = (
				0396436528E8476B00D2B514 /* Debug */,
				0396436628E8476B00D2B514 /* Release */,
			);
			defaultConfigurationIsVisible = 0;
			defaultConfigurationName = Release;
		};
/* End XCConfigurationList section */
	};
	rootObject = 0396434828E8476900D2B514 /* Project object */;
}
